// !$*UTF8*$!
{
	archiveVersion = 1;
	classes = {
	};
	objectVersion = 46;
	objects = {

/* Begin PBXBuildFile section */
		0ACBAEAB1F750D1800BED63D /* Main.storyboard in Resources */ = {isa = PBXBuildFile; fileRef = 0ACBAE851F750A8600BED63D /* Main.storyboard */; };
		0ACBAEAC1F750D1B00BED63D /* LaunchScreen.storyboard in Resources */ = {isa = PBXBuildFile; fileRef = 0ACBAE831F750A8600BED63D /* LaunchScreen.storyboard */; };
		0ACBAEAD1F750D2100BED63D /* ResultParser.swift in Sources */ = {isa = PBXBuildFile; fileRef = 0ACBAEA11F750A8600BED63D /* ResultParser.swift */; };
		0ACBAEAE1F750D2600BED63D /* MRZ.swift in Sources */ = {isa = PBXBuildFile; fileRef = 0ACBAE9E1F750A8600BED63D /* MRZ.swift */; };
		0ACBAEB01F750D2A00BED63D /* Field.swift in Sources */ = {isa = PBXBuildFile; fileRef = 0ACBAE8A1F750A8600BED63D /* Field.swift */; };
		0ACBAEB11F750D2F00BED63D /* TableViewCell.swift in Sources */ = {isa = PBXBuildFile; fileRef = 0ACBAEA21F750A8600BED63D /* TableViewCell.swift */; };
		0ACBAEB21F750D3200BED63D /* CameraViewController.swift in Sources */ = {isa = PBXBuildFile; fileRef = 0ACBAE871F750A8600BED63D /* CameraViewController.swift */; };
		0ACBAEB31F750D3400BED63D /* InfoView.swift in Sources */ = {isa = PBXBuildFile; fileRef = 0ACBAE9D1F750A8600BED63D /* InfoView.swift */; };
		0ACBAEB41F750D3700BED63D /* DetailsViewController.swift in Sources */ = {isa = PBXBuildFile; fileRef = 0ACBAE881F750A8600BED63D /* DetailsViewController.swift */; };
		0ACBAEB51F750D3900BED63D /* MRZDetailsTableViewController.swift in Sources */ = {isa = PBXBuildFile; fileRef = 0ACBAE9F1F750A8600BED63D /* MRZDetailsTableViewController.swift */; };
		0ACBAEB61F750D3C00BED63D /* ViewController.swift in Sources */ = {isa = PBXBuildFile; fileRef = 0ACBAEA31F750A8600BED63D /* ViewController.swift */; };
		0ACBAEB71F750D4A00BED63D /* Images.xcassets in Resources */ = {isa = PBXBuildFile; fileRef = 0ACBAE9B1F750A8600BED63D /* Images.xcassets */; };
		0ACBAEB81F750D4D00BED63D /* camera.png in Resources */ = {isa = PBXBuildFile; fileRef = 0ACBAE8C1F750A8600BED63D /* camera.png */; };
		0ACBAEB91F750D5000BED63D /* close.png in Resources */ = {isa = PBXBuildFile; fileRef = 0ACBAE8D1F750A8600BED63D /* close.png */; };
		0ACBAEBA1F750D5200BED63D /* facebook.png in Resources */ = {isa = PBXBuildFile; fileRef = 0ACBAE8E1F750A8600BED63D /* facebook.png */; };
		0ACBAEBB1F750D5500BED63D /* flashOff.png in Resources */ = {isa = PBXBuildFile; fileRef = 0ACBAE8F1F750A8600BED63D /* flashOff.png */; };
		0ACBAEBC1F750D5700BED63D /* flashOn.png in Resources */ = {isa = PBXBuildFile; fileRef = 0ACBAE901F750A8600BED63D /* flashOn.png */; };
		0ACBAEBD1F750D5900BED63D /* info.png in Resources */ = {isa = PBXBuildFile; fileRef = 0ACBAE911F750A8600BED63D /* info.png */; };
		0ACBAEBE1F750D5C00BED63D /* linkedin.png in Resources */ = {isa = PBXBuildFile; fileRef = 0ACBAE921F750A8600BED63D /* linkedin.png */; };
		0ACBAEBF1F750D5E00BED63D /* ok.png in Resources */ = {isa = PBXBuildFile; fileRef = 0ACBAE931F750A8600BED63D /* ok.png */; };
		0ACBAEC01F750D6100BED63D /* photos.png in Resources */ = {isa = PBXBuildFile; fileRef = 0ACBAE941F750A8600BED63D /* photos.png */; };
		0ACBAEC11F750D6400BED63D /* photos100.png in Resources */ = {isa = PBXBuildFile; fileRef = 0ACBAE951F750A8600BED63D /* photos100.png */; };
		0ACBAEC21F750D6600BED63D /* photossmall.png in Resources */ = {isa = PBXBuildFile; fileRef = 0ACBAE961F750A8600BED63D /* photossmall.png */; };
		0ACBAEC31F750D6900BED63D /* regula.jpeg in Resources */ = {isa = PBXBuildFile; fileRef = 0ACBAE971F750A8600BED63D /* regula.jpeg */; };
		0ACBAEC41F750D6B00BED63D /* regulaSmall.jpeg in Resources */ = {isa = PBXBuildFile; fileRef = 0ACBAE981F750A8600BED63D /* regulaSmall.jpeg */; };
		0ACBAEC51F750D6D00BED63D /* stop.png in Resources */ = {isa = PBXBuildFile; fileRef = 0ACBAE991F750A8600BED63D /* stop.png */; };
		0ACBAEC61F750D7000BED63D /* twitter.png in Resources */ = {isa = PBXBuildFile; fileRef = 0ACBAE9A1F750A8600BED63D /* twitter.png */; };
		0ACBAEC71F750D7300BED63D /* AppDelegate.swift in Sources */ = {isa = PBXBuildFile; fileRef = 0ACBAE821F750A8600BED63D /* AppDelegate.swift */; };
		0ACBAEC91F750D7A00BED63D /* regula.license in Resources */ = {isa = PBXBuildFile; fileRef = 0ACBAEA01F750A8600BED63D /* regula.license */; };
		A541831B1D05D9080077923D /* libc++.tbd in Frameworks */ = {isa = PBXBuildFile; fileRef = A541831A1D05D9080077923D /* libc++.tbd */; };
		A5CAFD271D0B09BB0060C137 /* opencv2.framework in Frameworks */ = {isa = PBXBuildFile; fileRef = A5CAFD261D0B09BB0060C137 /* opencv2.framework */; };
		A5CAFD2D1D0B0C670060C137 /* DocumentReader.framework in Frameworks */ = {isa = PBXBuildFile; fileRef = A5CAFD2C1D0B0C670060C137 /* DocumentReader.framework */; };
/* End PBXBuildFile section */

/* Begin PBXFileReference section */
		0ACBAE821F750A8600BED63D /* AppDelegate.swift */ = {isa = PBXFileReference; lastKnownFileType = sourcecode.swift; path = AppDelegate.swift; sourceTree = "<group>"; };
		0ACBAE841F750A8600BED63D /* Base */ = {isa = PBXFileReference; lastKnownFileType = file.storyboard; name = Base; path = Base.lproj/LaunchScreen.storyboard; sourceTree = "<group>"; };
		0ACBAE861F750A8600BED63D /* Base */ = {isa = PBXFileReference; lastKnownFileType = file.storyboard; name = Base; path = Base.lproj/Main.storyboard; sourceTree = "<group>"; };
		0ACBAE871F750A8600BED63D /* CameraViewController.swift */ = {isa = PBXFileReference; lastKnownFileType = sourcecode.swift; path = CameraViewController.swift; sourceTree = "<group>"; };
		0ACBAE881F750A8600BED63D /* DetailsViewController.swift */ = {isa = PBXFileReference; lastKnownFileType = sourcecode.swift; path = DetailsViewController.swift; sourceTree = "<group>"; };
		0ACBAE891F750A8600BED63D /* DocumentReader-Bridging-Header.h */ = {isa = PBXFileReference; lastKnownFileType = sourcecode.c.h; path = "DocumentReader-Bridging-Header.h"; sourceTree = "<group>"; };
		0ACBAE8A1F750A8600BED63D /* Field.swift */ = {isa = PBXFileReference; lastKnownFileType = sourcecode.swift; path = Field.swift; sourceTree = "<group>"; };
		0ACBAE8C1F750A8600BED63D /* camera.png */ = {isa = PBXFileReference; lastKnownFileType = image.png; path = camera.png; sourceTree = "<group>"; };
		0ACBAE8D1F750A8600BED63D /* close.png */ = {isa = PBXFileReference; lastKnownFileType = image.png; path = close.png; sourceTree = "<group>"; };
		0ACBAE8E1F750A8600BED63D /* facebook.png */ = {isa = PBXFileReference; lastKnownFileType = image.png; path = facebook.png; sourceTree = "<group>"; };
		0ACBAE8F1F750A8600BED63D /* flashOff.png */ = {isa = PBXFileReference; lastKnownFileType = image.png; path = flashOff.png; sourceTree = "<group>"; };
		0ACBAE901F750A8600BED63D /* flashOn.png */ = {isa = PBXFileReference; lastKnownFileType = image.png; path = flashOn.png; sourceTree = "<group>"; };
		0ACBAE911F750A8600BED63D /* info.png */ = {isa = PBXFileReference; lastKnownFileType = image.png; path = info.png; sourceTree = "<group>"; };
		0ACBAE921F750A8600BED63D /* linkedin.png */ = {isa = PBXFileReference; lastKnownFileType = image.png; path = linkedin.png; sourceTree = "<group>"; };
		0ACBAE931F750A8600BED63D /* ok.png */ = {isa = PBXFileReference; lastKnownFileType = image.png; path = ok.png; sourceTree = "<group>"; };
		0ACBAE941F750A8600BED63D /* photos.png */ = {isa = PBXFileReference; lastKnownFileType = image.png; path = photos.png; sourceTree = "<group>"; };
		0ACBAE951F750A8600BED63D /* photos100.png */ = {isa = PBXFileReference; lastKnownFileType = image.png; path = photos100.png; sourceTree = "<group>"; };
		0ACBAE961F750A8600BED63D /* photossmall.png */ = {isa = PBXFileReference; lastKnownFileType = image.png; path = photossmall.png; sourceTree = "<group>"; };
		0ACBAE971F750A8600BED63D /* regula.jpeg */ = {isa = PBXFileReference; lastKnownFileType = image.jpeg; path = regula.jpeg; sourceTree = "<group>"; };
		0ACBAE981F750A8600BED63D /* regulaSmall.jpeg */ = {isa = PBXFileReference; lastKnownFileType = image.jpeg; path = regulaSmall.jpeg; sourceTree = "<group>"; };
		0ACBAE991F750A8600BED63D /* stop.png */ = {isa = PBXFileReference; lastKnownFileType = image.png; path = stop.png; sourceTree = "<group>"; };
		0ACBAE9A1F750A8600BED63D /* twitter.png */ = {isa = PBXFileReference; lastKnownFileType = image.png; path = twitter.png; sourceTree = "<group>"; };
		0ACBAE9B1F750A8600BED63D /* Images.xcassets */ = {isa = PBXFileReference; lastKnownFileType = folder.assetcatalog; path = Images.xcassets; sourceTree = "<group>"; };
		0ACBAE9C1F750A8600BED63D /* Info.plist */ = {isa = PBXFileReference; lastKnownFileType = text.plist.xml; path = Info.plist; sourceTree = "<group>"; };
		0ACBAE9D1F750A8600BED63D /* InfoView.swift */ = {isa = PBXFileReference; lastKnownFileType = sourcecode.swift; path = InfoView.swift; sourceTree = "<group>"; };
		0ACBAE9E1F750A8600BED63D /* MRZ.swift */ = {isa = PBXFileReference; lastKnownFileType = sourcecode.swift; path = MRZ.swift; sourceTree = "<group>"; };
		0ACBAE9F1F750A8600BED63D /* MRZDetailsTableViewController.swift */ = {isa = PBXFileReference; lastKnownFileType = sourcecode.swift; path = MRZDetailsTableViewController.swift; sourceTree = "<group>"; };
		0ACBAEA01F750A8600BED63D /* regula.license */ = {isa = PBXFileReference; lastKnownFileType = file; path = regula.license; sourceTree = "<group>"; };
		0ACBAEA11F750A8600BED63D /* ResultParser.swift */ = {isa = PBXFileReference; lastKnownFileType = sourcecode.swift; path = ResultParser.swift; sourceTree = "<group>"; };
		0ACBAEA21F750A8600BED63D /* TableViewCell.swift */ = {isa = PBXFileReference; lastKnownFileType = sourcecode.swift; path = TableViewCell.swift; sourceTree = "<group>"; };
		0ACBAEA31F750A8600BED63D /* ViewController.swift */ = {isa = PBXFileReference; lastKnownFileType = sourcecode.swift; path = ViewController.swift; sourceTree = "<group>"; };
		318006891CC4F88A001B3CB7 /* DocumentReaderDemo.app */ = {isa = PBXFileReference; explicitFileType = wrapper.application; includeInIndex = 0; path = DocumentReaderDemo.app; sourceTree = BUILT_PRODUCTS_DIR; };
		A541831A1D05D9080077923D /* libc++.tbd */ = {isa = PBXFileReference; lastKnownFileType = "sourcecode.text-based-dylib-definition"; name = "libc++.tbd"; path = "usr/lib/libc++.tbd"; sourceTree = SDKROOT; };
		A5CAFD261D0B09BB0060C137 /* opencv2.framework */ = {isa = PBXFileReference; lastKnownFileType = wrapper.framework; path = opencv2.framework; sourceTree = "<group>"; };
		A5CAFD2C1D0B0C670060C137 /* DocumentReader.framework */ = {isa = PBXFileReference; lastKnownFileType = wrapper.framework; path = DocumentReader.framework; sourceTree = "<group>"; };
/* End PBXFileReference section */

/* Begin PBXFrameworksBuildPhase section */
		318006861CC4F88A001B3CB7 /* Frameworks */ = {
			isa = PBXFrameworksBuildPhase;
			buildActionMask = 2147483647;
			files = (
				A5CAFD2D1D0B0C670060C137 /* DocumentReader.framework in Frameworks */,
				A5CAFD271D0B09BB0060C137 /* opencv2.framework in Frameworks */,
				A541831B1D05D9080077923D /* libc++.tbd in Frameworks */,
			);
			runOnlyForDeploymentPostprocessing = 0;
		};
/* End PBXFrameworksBuildPhase section */

/* Begin PBXGroup section */
		0ACBAE811F750A8600BED63D /* DocumentReaderDemo */ = {
			isa = PBXGroup;
			children = (
				0ACBAEA81F750B1600BED63D /* Models */,
				0ACBAEA71F750AD800BED63D /* ViewControllers */,
				0ACBAEA41F750AA000BED63D /* Storyboards */,
				0ACBAEAA1F750BD000BED63D /* Parser */,
				0ACBAE8B1F750A8600BED63D /* Resources */,
				0ACBAE821F750A8600BED63D /* AppDelegate.swift */,
				0ACBAE891F750A8600BED63D /* DocumentReader-Bridging-Header.h */,
				0ACBAE9C1F750A8600BED63D /* Info.plist */,
				0ACBAEA01F750A8600BED63D /* regula.license */,
			);
			path = DocumentReaderDemo;
			sourceTree = "<group>";
		};
		0ACBAE8B1F750A8600BED63D /* Resources */ = {
			isa = PBXGroup;
			children = (
				0ACBAE9B1F750A8600BED63D /* Images.xcassets */,
				0ACBAE8C1F750A8600BED63D /* camera.png */,
				0ACBAE8D1F750A8600BED63D /* close.png */,
				0ACBAE8E1F750A8600BED63D /* facebook.png */,
				0ACBAE8F1F750A8600BED63D /* flashOff.png */,
				0ACBAE901F750A8600BED63D /* flashOn.png */,
				0ACBAE911F750A8600BED63D /* info.png */,
				0ACBAE921F750A8600BED63D /* linkedin.png */,
				0ACBAE931F750A8600BED63D /* ok.png */,
				0ACBAE941F750A8600BED63D /* photos.png */,
				0ACBAE951F750A8600BED63D /* photos100.png */,
				0ACBAE961F750A8600BED63D /* photossmall.png */,
				0ACBAE971F750A8600BED63D /* regula.jpeg */,
				0ACBAE981F750A8600BED63D /* regulaSmall.jpeg */,
				0ACBAE991F750A8600BED63D /* stop.png */,
				0ACBAE9A1F750A8600BED63D /* twitter.png */,
			);
			path = Resources;
			sourceTree = "<group>";
		};
		0ACBAEA41F750AA000BED63D /* Storyboards */ = {
			isa = PBXGroup;
			children = (
				0ACBAE831F750A8600BED63D /* LaunchScreen.storyboard */,
				0ACBAE851F750A8600BED63D /* Main.storyboard */,
			);
			path = Storyboards;
			sourceTree = "<group>";
		};
		0ACBAEA71F750AD800BED63D /* ViewControllers */ = {
			isa = PBXGroup;
			children = (
				0ACBAEA91F750B4300BED63D /* Cells */,
				0ACBAE9D1F750A8600BED63D /* InfoView.swift */,
				0ACBAE871F750A8600BED63D /* CameraViewController.swift */,
				0ACBAE881F750A8600BED63D /* DetailsViewController.swift */,
				0ACBAE9F1F750A8600BED63D /* MRZDetailsTableViewController.swift */,
				0ACBAEA31F750A8600BED63D /* ViewController.swift */,
			);
			path = ViewControllers;
			sourceTree = "<group>";
		};
		0ACBAEA81F750B1600BED63D /* Models */ = {
			isa = PBXGroup;
			children = (
				0ACBAE9E1F750A8600BED63D /* MRZ.swift */,
				0ACBAE8A1F750A8600BED63D /* Field.swift */,
			);
			path = Models;
			sourceTree = "<group>";
		};
		0ACBAEA91F750B4300BED63D /* Cells */ = {
			isa = PBXGroup;
			children = (
				0ACBAEA21F750A8600BED63D /* TableViewCell.swift */,
			);
			path = Cells;
			sourceTree = "<group>";
		};
		0ACBAEAA1F750BD000BED63D /* Parser */ = {
			isa = PBXGroup;
			children = (
				0ACBAEA11F750A8600BED63D /* ResultParser.swift */,
			);
			path = Parser;
			sourceTree = "<group>";
		};
		318006801CC4F88A001B3CB7 = {
			isa = PBXGroup;
			children = (
				A5CAFD2C1D0B0C670060C137 /* DocumentReader.framework */,
				A5CAFD261D0B09BB0060C137 /* opencv2.framework */,
				A541831A1D05D9080077923D /* libc++.tbd */,
				0ACBAE811F750A8600BED63D /* DocumentReaderDemo */,
				3180068A1CC4F88A001B3CB7 /* Products */,
			);
			sourceTree = "<group>";
		};
		3180068A1CC4F88A001B3CB7 /* Products */ = {
			isa = PBXGroup;
			children = (
				318006891CC4F88A001B3CB7 /* DocumentReaderDemo.app */,
			);
			name = Products;
			sourceTree = "<group>";
		};
/* End PBXGroup section */

/* Begin PBXNativeTarget section */
		318006881CC4F88A001B3CB7 /* DocumentReaderDemo */ = {
			isa = PBXNativeTarget;
			buildConfigurationList = 318006B11CC4F88A001B3CB7 /* Build configuration list for PBXNativeTarget "DocumentReaderDemo" */;
			buildPhases = (
				318006851CC4F88A001B3CB7 /* Sources */,
				318006861CC4F88A001B3CB7 /* Frameworks */,
				318006871CC4F88A001B3CB7 /* Resources */,
			);
			buildRules = (
			);
			dependencies = (
			);
			name = DocumentReaderDemo;
			productName = DocumentReader;
			productReference = 318006891CC4F88A001B3CB7 /* DocumentReaderDemo.app */;
			productType = "com.apple.product-type.application";
		};
/* End PBXNativeTarget section */

/* Begin PBXProject section */
		318006811CC4F88A001B3CB7 /* Project object */ = {
			isa = PBXProject;
			attributes = {
				LastSwiftUpdateCheck = 0730;
				LastUpgradeCheck = 0900;
				ORGANIZATIONNAME = "Regula Forensics";
				TargetAttributes = {
					318006881CC4F88A001B3CB7 = {
						CreatedOnToolsVersion = 7.3;
						DevelopmentTeam = H6WR54S268;
						LastSwiftMigration = 0900;
					};
				};
			};
			buildConfigurationList = 318006841CC4F88A001B3CB7 /* Build configuration list for PBXProject "DocumentReaderDemo" */;
			compatibilityVersion = "Xcode 3.2";
			developmentRegion = English;
			hasScannedForEncodings = 0;
			knownRegions = (
				en,
				Base,
			);
			mainGroup = 318006801CC4F88A001B3CB7;
			productRefGroup = 3180068A1CC4F88A001B3CB7 /* Products */;
			projectDirPath = "";
			projectRoot = "";
			targets = (
				318006881CC4F88A001B3CB7 /* DocumentReaderDemo */,
			);
		};
/* End PBXProject section */

/* Begin PBXResourcesBuildPhase section */
		318006871CC4F88A001B3CB7 /* Resources */ = {
			isa = PBXResourcesBuildPhase;
			buildActionMask = 2147483647;
			files = (
				0ACBAEB71F750D4A00BED63D /* Images.xcassets in Resources */,
				0ACBAEBC1F750D5700BED63D /* flashOn.png in Resources */,
				0ACBAEBD1F750D5900BED63D /* info.png in Resources */,
				0ACBAEC91F750D7A00BED63D /* regula.license in Resources */,
				0ACBAEBA1F750D5200BED63D /* facebook.png in Resources */,
				0ACBAEAB1F750D1800BED63D /* Main.storyboard in Resources */,
				0ACBAEB81F750D4D00BED63D /* camera.png in Resources */,
				0ACBAEC01F750D6100BED63D /* photos.png in Resources */,
				0ACBAEC51F750D6D00BED63D /* stop.png in Resources */,
				0ACBAEC11F750D6400BED63D /* photos100.png in Resources */,
				0ACBAEBF1F750D5E00BED63D /* ok.png in Resources */,
				0ACBAEC31F750D6900BED63D /* regula.jpeg in Resources */,
				0ACBAEB91F750D5000BED63D /* close.png in Resources */,
				0ACBAEC21F750D6600BED63D /* photossmall.png in Resources */,
				0ACBAEBE1F750D5C00BED63D /* linkedin.png in Resources */,
				0ACBAEC41F750D6B00BED63D /* regulaSmall.jpeg in Resources */,
				0ACBAEC61F750D7000BED63D /* twitter.png in Resources */,
				0ACBAEBB1F750D5500BED63D /* flashOff.png in Resources */,
				0ACBAEAC1F750D1B00BED63D /* LaunchScreen.storyboard in Resources */,
			);
			runOnlyForDeploymentPostprocessing = 0;
		};
/* End PBXResourcesBuildPhase section */

/* Begin PBXSourcesBuildPhase section */
		318006851CC4F88A001B3CB7 /* Sources */ = {
			isa = PBXSourcesBuildPhase;
			buildActionMask = 2147483647;
			files = (
				0ACBAEAD1F750D2100BED63D /* ResultParser.swift in Sources */,
				0ACBAEB21F750D3200BED63D /* CameraViewController.swift in Sources */,
				0ACBAEB11F750D2F00BED63D /* TableViewCell.swift in Sources */,
				0ACBAEB61F750D3C00BED63D /* ViewController.swift in Sources */,
				0ACBAEAE1F750D2600BED63D /* MRZ.swift in Sources */,
				0ACBAEB51F750D3900BED63D /* MRZDetailsTableViewController.swift in Sources */,
				0ACBAEB41F750D3700BED63D /* DetailsViewController.swift in Sources */,
				0ACBAEB31F750D3400BED63D /* InfoView.swift in Sources */,
				0ACBAEC71F750D7300BED63D /* AppDelegate.swift in Sources */,
				0ACBAEB01F750D2A00BED63D /* Field.swift in Sources */,
			);
			runOnlyForDeploymentPostprocessing = 0;
		};
/* End PBXSourcesBuildPhase section */

/* Begin PBXVariantGroup section */
		0ACBAE831F750A8600BED63D /* LaunchScreen.storyboard */ = {
			isa = PBXVariantGroup;
			children = (
				0ACBAE841F750A8600BED63D /* Base */,
			);
			name = LaunchScreen.storyboard;
			sourceTree = "<group>";
		};
		0ACBAE851F750A8600BED63D /* Main.storyboard */ = {
			isa = PBXVariantGroup;
			children = (
				0ACBAE861F750A8600BED63D /* Base */,
			);
			name = Main.storyboard;
			sourceTree = "<group>";
		};
/* End PBXVariantGroup section */

/* Begin XCBuildConfiguration section */
		318006AF1CC4F88A001B3CB7 /* Debug */ = {
			isa = XCBuildConfiguration;
			buildSettings = {
				ALWAYS_SEARCH_USER_PATHS = NO;
				CLANG_ANALYZER_NONNULL = YES;
				CLANG_CXX_LANGUAGE_STANDARD = "gnu++0x";
				CLANG_CXX_LIBRARY = "libc++";
				CLANG_ENABLE_MODULES = YES;
				CLANG_ENABLE_OBJC_ARC = YES;
				CLANG_WARN_BLOCK_CAPTURE_AUTORELEASING = YES;
				CLANG_WARN_BOOL_CONVERSION = YES;
				CLANG_WARN_COMMA = YES;
				CLANG_WARN_CONSTANT_CONVERSION = YES;
				CLANG_WARN_DIRECT_OBJC_ISA_USAGE = YES_ERROR;
				CLANG_WARN_EMPTY_BODY = YES;
				CLANG_WARN_ENUM_CONVERSION = YES;
				CLANG_WARN_INFINITE_RECURSION = YES;
				CLANG_WARN_INT_CONVERSION = YES;
				CLANG_WARN_NON_LITERAL_NULL_CONVERSION = YES;
				CLANG_WARN_OBJC_LITERAL_CONVERSION = YES;
				CLANG_WARN_OBJC_ROOT_CLASS = YES_ERROR;
				CLANG_WARN_RANGE_LOOP_ANALYSIS = YES;
				CLANG_WARN_STRICT_PROTOTYPES = YES;
				CLANG_WARN_SUSPICIOUS_MOVE = YES;
				CLANG_WARN_UNREACHABLE_CODE = YES;
				CLANG_WARN__DUPLICATE_METHOD_MATCH = YES;
				"CODE_SIGN_IDENTITY[sdk=iphoneos*]" = "iPhone Developer";
				COPY_PHASE_STRIP = NO;
				DEBUG_INFORMATION_FORMAT = dwarf;
				ENABLE_STRICT_OBJC_MSGSEND = YES;
				ENABLE_TESTABILITY = YES;
				GCC_C_LANGUAGE_STANDARD = gnu99;
				GCC_DYNAMIC_NO_PIC = NO;
				GCC_NO_COMMON_BLOCKS = YES;
				GCC_OPTIMIZATION_LEVEL = 0;
				GCC_PREPROCESSOR_DEFINITIONS = (
					"DEBUG=1",
					"$(inherited)",
				);
				GCC_WARN_64_TO_32_BIT_CONVERSION = YES;
				GCC_WARN_ABOUT_RETURN_TYPE = YES_ERROR;
				GCC_WARN_UNDECLARED_SELECTOR = YES;
				GCC_WARN_UNINITIALIZED_AUTOS = YES_AGGRESSIVE;
				GCC_WARN_UNUSED_FUNCTION = YES;
				GCC_WARN_UNUSED_VARIABLE = YES;
				IPHONEOS_DEPLOYMENT_TARGET = 8.3;
				MTL_ENABLE_DEBUG_INFO = YES;
				ONLY_ACTIVE_ARCH = YES;
				PRODUCT_NAME = DocumentReader;
				SDKROOT = iphoneos;
				SWIFT_OPTIMIZATION_LEVEL = "-Onone";
				SWIFT_SWIFT3_OBJC_INFERENCE = Default;
				TARGETED_DEVICE_FAMILY = "1,2";
			};
			name = Debug;
		};
		318006B01CC4F88A001B3CB7 /* Release */ = {
			isa = XCBuildConfiguration;
			buildSettings = {
				ALWAYS_SEARCH_USER_PATHS = NO;
				CLANG_ANALYZER_NONNULL = YES;
				CLANG_CXX_LANGUAGE_STANDARD = "gnu++0x";
				CLANG_CXX_LIBRARY = "libc++";
				CLANG_ENABLE_MODULES = YES;
				CLANG_ENABLE_OBJC_ARC = YES;
				CLANG_WARN_BLOCK_CAPTURE_AUTORELEASING = YES;
				CLANG_WARN_BOOL_CONVERSION = YES;
				CLANG_WARN_COMMA = YES;
				CLANG_WARN_CONSTANT_CONVERSION = YES;
				CLANG_WARN_DIRECT_OBJC_ISA_USAGE = YES_ERROR;
				CLANG_WARN_EMPTY_BODY = YES;
				CLANG_WARN_ENUM_CONVERSION = YES;
				CLANG_WARN_INFINITE_RECURSION = YES;
				CLANG_WARN_INT_CONVERSION = YES;
				CLANG_WARN_NON_LITERAL_NULL_CONVERSION = YES;
				CLANG_WARN_OBJC_LITERAL_CONVERSION = YES;
				CLANG_WARN_OBJC_ROOT_CLASS = YES_ERROR;
				CLANG_WARN_RANGE_LOOP_ANALYSIS = YES;
				CLANG_WARN_STRICT_PROTOTYPES = YES;
				CLANG_WARN_SUSPICIOUS_MOVE = YES;
				CLANG_WARN_UNREACHABLE_CODE = YES;
				CLANG_WARN__DUPLICATE_METHOD_MATCH = YES;
				"CODE_SIGN_IDENTITY[sdk=iphoneos*]" = "iPhone Developer";
				COPY_PHASE_STRIP = NO;
				DEBUG_INFORMATION_FORMAT = "dwarf-with-dsym";
				ENABLE_NS_ASSERTIONS = NO;
				ENABLE_STRICT_OBJC_MSGSEND = YES;
				GCC_C_LANGUAGE_STANDARD = gnu99;
				GCC_NO_COMMON_BLOCKS = YES;
				GCC_WARN_64_TO_32_BIT_CONVERSION = YES;
				GCC_WARN_ABOUT_RETURN_TYPE = YES_ERROR;
				GCC_WARN_UNDECLARED_SELECTOR = YES;
				GCC_WARN_UNINITIALIZED_AUTOS = YES_AGGRESSIVE;
				GCC_WARN_UNUSED_FUNCTION = YES;
				GCC_WARN_UNUSED_VARIABLE = YES;
				IPHONEOS_DEPLOYMENT_TARGET = 8.3;
				MTL_ENABLE_DEBUG_INFO = NO;
				PRODUCT_NAME = DocumentReader;
				SDKROOT = iphoneos;
				SWIFT_OPTIMIZATION_LEVEL = "-Owholemodule";
				SWIFT_SWIFT3_OBJC_INFERENCE = Default;
				TARGETED_DEVICE_FAMILY = "1,2";
				VALIDATE_PRODUCT = YES;
			};
			name = Release;
		};
		318006B21CC4F88A001B3CB7 /* Debug */ = {
			isa = XCBuildConfiguration;
			buildSettings = {
				ASSETCATALOG_COMPILER_APPICON_NAME = AppIcon;
				CLANG_ENABLE_MODULES = YES;
				CODE_SIGN_IDENTITY = "iPhone Developer";
				"CODE_SIGN_IDENTITY[sdk=iphoneos*]" = "iPhone Developer";
				DEVELOPMENT_TEAM = H6WR54S268;
				ENABLE_BITCODE = YES;
				FRAMEWORK_SEARCH_PATHS = (
					"$(inherited)",
					"$(PROJECT_DIR)",
				);
				HEADER_SEARCH_PATHS = "$(PROJECT_DIR)/DocumentReader.framework/Headers";
				INFOPLIST_FILE = "$(PRODUCT_NAME)/Info.plist";
				IPHONEOS_DEPLOYMENT_TARGET = 8.3;
				LD_RUNPATH_SEARCH_PATHS = "$(inherited) @executable_path/Frameworks";
				LIBRARY_SEARCH_PATHS = (
					"$(inherited)",
					"$(PROJECT_DIR)",
				);
				PRODUCT_BUNDLE_IDENTIFIER = regula.DocumentReader;
				PRODUCT_NAME = DocumentReaderDemo;
				PROVISIONING_PROFILE = "";
				SWIFT_OBJC_BRIDGING_HEADER = "$(PRODUCT_NAME)/DocumentReader-Bridging-Header.h";
				SWIFT_OPTIMIZATION_LEVEL = "-Onone";
				SWIFT_SWIFT3_OBJC_INFERENCE = Default;
				SWIFT_VERSION = 4.0;
				TARGETED_DEVICE_FAMILY = "1,2";
				VALID_ARCHS = "armv7 armv7s arm64";
			};
			name = Debug;
		};
		318006B31CC4F88A001B3CB7 /* Release */ = {
			isa = XCBuildConfiguration;
			buildSettings = {
				ASSETCATALOG_COMPILER_APPICON_NAME = AppIcon;
				CLANG_ENABLE_MODULES = YES;
				CODE_SIGN_IDENTITY = "iPhone Developer";
				"CODE_SIGN_IDENTITY[sdk=iphoneos*]" = "iPhone Developer";
				DEVELOPMENT_TEAM = H6WR54S268;
				ENABLE_BITCODE = YES;
				FRAMEWORK_SEARCH_PATHS = (
					"$(inherited)",
					"$(PROJECT_DIR)",
				);
				HEADER_SEARCH_PATHS = "$(PROJECT_DIR)/DocumentReader.framework/Headers";
				INFOPLIST_FILE = "$(PRODUCT_NAME)/Info.plist";
				IPHONEOS_DEPLOYMENT_TARGET = 8.3;
				LD_RUNPATH_SEARCH_PATHS = "$(inherited) @executable_path/Frameworks";
				LIBRARY_SEARCH_PATHS = (
					"$(inherited)",
					"$(PROJECT_DIR)",
				);
				PRODUCT_BUNDLE_IDENTIFIER = regula.DocumentReader;
				PRODUCT_NAME = DocumentReaderDemo;
				PROVISIONING_PROFILE = "";
				SWIFT_OBJC_BRIDGING_HEADER = "$(PRODUCT_NAME)/DocumentReader-Bridging-Header.h";
				SWIFT_SWIFT3_OBJC_INFERENCE = Default;
				SWIFT_VERSION = 4.0;
				TARGETED_DEVICE_FAMILY = "1,2";
				VALID_ARCHS = "armv7 armv7s arm64";
			};
			name = Release;
		};
/* End XCBuildConfiguration section */

/* Begin XCConfigurationList section */
		318006841CC4F88A001B3CB7 /* Build configuration list for PBXProject "DocumentReaderDemo" */ = {
			isa = XCConfigurationList;
			buildConfigurations = (
				318006AF1CC4F88A001B3CB7 /* Debug */,
				318006B01CC4F88A001B3CB7 /* Release */,
			);
			defaultConfigurationIsVisible = 0;
			defaultConfigurationName = Release;
		};
		318006B11CC4F88A001B3CB7 /* Build configuration list for PBXNativeTarget "DocumentReaderDemo" */ = {
			isa = XCConfigurationList;
			buildConfigurations = (
				318006B21CC4F88A001B3CB7 /* Debug */,
				318006B31CC4F88A001B3CB7 /* Release */,
			);
			defaultConfigurationIsVisible = 0;
			defaultConfigurationName = Release;
		};
/* End XCConfigurationList section */
	};
	rootObject = 318006811CC4F88A001B3CB7 /* Project object */;
}
